<?xml version="1.0" encoding="utf-8"?>
<Project ToolsVersion="4.0" xmlns="http://schemas.microsoft.com/developer/msbuild/2003">
  <ItemGroup>
    <Filter Include="Source Files">
      <UniqueIdentifier>{4FC737F1-C7A5-4376-A066-2A32D752A2FF}</UniqueIdentifier>
      <Extensions>cpp;c;cc;cxx;c++;cppm;ixx;def;odl;idl;hpj;bat;asm;asmx</Extensions>
    </Filter>
    <Filter Include="Header Files">
      <UniqueIdentifier>{93995380-89BD-4b04-88EB-625FBE52EBFB}</UniqueIdentifier>
      <Extensions>h;hh;hpp;hxx;h++;hm;inl;inc;ipp;xsd</Extensions>
    </Filter>
    <Filter Include="Resource Files">
      <UniqueIdentifier>{67DA6AB6-F800-4c08-8B7A-83BB121AAD01}</UniqueIdentifier>
      <Extensions>rc;ico;cur;bmp;dlg;rc2;rct;bin;rgs;gif;jpg;jpeg;jpe;resx;tiff;tif;png;wav;mfcribbon-ms</Extensions>
    </Filter>
    <Filter Include="Source Files\Main">
      <UniqueIdentifier>{6e28b586-0bd7-40f3-9659-079849ff19e1}</UniqueIdentifier>
    </Filter>
    <Filter Include="Source Files\OpenGl">
      <UniqueIdentifier>{aef55211-f939-4ca2-8b73-683b9df1e767}</UniqueIdentifier>
    </Filter>
    <Filter Include="Source Files\OpenGl\Shaders">
      <UniqueIdentifier>{4c7ff7ad-0f30-452f-ac62-046d4ce28c12}</UniqueIdentifier>
    </Filter>
    <Filter Include="Source Files\OpenGl\Shaders\Fragment">
      <UniqueIdentifier>{101b805f-d46f-41e9-a5fd-6e58a722c302}</UniqueIdentifier>
    </Filter>
    <Filter Include="Source Files\OpenGl\Shaders\Vertex">
      <UniqueIdentifier>{8cd225fc-2255-4aaa-9955-474907ced636}</UniqueIdentifier>
    </Filter>
    <Filter Include="Source Files\OpenGl\Shaders\Shader Program">
      <UniqueIdentifier>{55f98bce-3a6f-440b-88b6-abd51a102149}</UniqueIdentifier>
    </Filter>
    <Filter Include="Source Files\Simulation">
      <UniqueIdentifier>{5eba44a9-1dbd-4748-815a-1ee3edc06ed1}</UniqueIdentifier>
    </Filter>
    <Filter Include="Source Files\OpenCv">
      <UniqueIdentifier>{fb62f374-35e5-4444-b4cd-18189245bd5b}</UniqueIdentifier>
    </Filter>
    <Filter Include="Source Files\OpenGl\Object">
      <UniqueIdentifier>{e9c75d61-96ae-4430-9208-515fecfbe806}</UniqueIdentifier>
    </Filter>
  </ItemGroup>
  <ItemGroup>
    <ClCompile Include="glad.c">
      <Filter>Resource Files</Filter>
    </ClCompile>
    <ClCompile Include="main.cpp">
      <Filter>Source Files\Main</Filter>
    </ClCompile>
    <ClCompile Include="Shader.h">
      <Filter>Source Files\OpenGl\Shaders\Shader Program</Filter>
    </ClCompile>
    <ClCompile Include="Mesh.h">
      <Filter>Source Files\OpenGl\Object</Filter>
    </ClCompile>
    <ClCompile Include="Model.h">
      <Filter>Source Files\OpenGl\Object</Filter>
    </ClCompile>
  </ItemGroup>
  <ItemGroup>
    <ClInclude Include="Emitter.h">
      <Filter>Source Files\Simulation</Filter>
    </ClInclude>
    <ClInclude Include="Array.h">
      <Filter>Source Files\Simulation</Filter>
    </ClInclude>
    <ClInclude Include="Particle.h">
      <Filter>Source Files\Simulation</Filter>
    </ClInclude>
    <ClInclude Include="Simulation.h">
      <Filter>Source Files\Simulation</Filter>
    </ClInclude>
    <ClInclude Include="Slice.h">
      <Filter>Source Files\Simulation</Filter>
    </ClInclude>
    <ClInclude Include="CameraInstance.h">
      <Filter>Source Files\OpenCv</Filter>
    </ClInclude>
  </ItemGroup>
  <ItemGroup>
    <None Include="emiVertex.glsl">
      <Filter>Source Files\OpenGl\Shaders\Vertex</Filter>
    </None>
    <None Include="emiFragment.glsl">
      <Filter>Source Files\OpenGl\Shaders\Fragment</Filter>
    </None>
    <None Include="parFragment.glsl">
      <Filter>Source Files\OpenGl\Shaders\Fragment</Filter>
    </None>
    <None Include="parVertex.glsl">
      <Filter>Source Files\OpenGl\Shaders\Vertex</Filter>
    </None>
    <None Include="sliceFragment.glsl">
      <Filter>Source Files\OpenGl\Shaders\Fragment</Filter>
    </None>
    <None Include="sliceVertex.glsl">
      <Filter>Source Files\OpenGl\Shaders\Vertex</Filter>
    </None>
  </ItemGroup>
</Project>